
Microsoft Visual Studio Solution File, Format Version 12.00
# Visual Studio Version 16
VisualStudioVersion = 16.0.30413.136
MinimumVisualStudioVersion = 10.0.40219.1
Project("{FAE04EC0-301F-11D3-BF4B-00C04F79EFBC}") = "EAP_Practice", "EAP_Practice.csproj", "{0227F4FD-EA2B-46E6-AD92-5EB9ECA66FCD}"
EndProject
Global
	GlobalSection(SolutionConfigurationPlatforms) = preSolution
		Debug|Any CPU = Debug|Any CPU
		Release|Any CPU = Release|Any CPU
	EndGlobalSection
	GlobalSection(ProjectConfigurationPlatforms) = postSolution
		{0227F4FD-EA2B-46E6-AD92-5EB9ECA66FCD}.Debug|Any CPU.ActiveCfg = Debug|Any CPU
		{0227F4FD-EA2B-46E6-AD92-5EB9ECA66FCD}.Debug|Any CPU.Build.0 = Debug|Any CPU
		{0227F4FD-EA2B-46E6-AD92-5EB9ECA66FCD}.Release|Any CPU.ActiveCfg = Release|Any CPU
		{0227F4FD-EA2B-46E6-AD92-5EB9ECA66FCD}.Release|Any CPU.Build.0 = Release|Any CPU
	EndGlobalSection
	GlobalSection(SolutionProperties) = preSolution
		HideSolutionNode = FALSE
	EndGlobalSection
	GlobalSection(ExtensibilityGlobals) = postSolution
		SolutionGuid = {7631EF43-9C38-4EAD-AB5B-AFBF54CBD7CA}
	EndGlobalSection
EndGlobal
